
Microsoft Visual Studio Solution File, Format Version 12.00
# Visual Studio Version 17
VisualStudioVersion = 17.5.002.0
MinimumVisualStudioVersion = 10.0.40219.1
Project("{9A19103F-16F7-4668-BE54-9A1E7A4F7556}") = "WebApiSwaggerTest", "WebApiSwaggerTest.csproj", "{14068C22-F6ED-41B9-AA90-219F526A71AE}"
EndProject
Global
	GlobalSection(SolutionConfigurationPlatforms) = preSolution
		Debug|Any CPU = Debug|Any CPU
		Release|Any CPU = Release|Any CPU
	EndGlobalSection
	GlobalSection(ProjectConfigurationPlatforms) = postSolution
		{14068C22-F6ED-41B9-AA90-219F526A71AE}.Debug|Any CPU.ActiveCfg = Debug|Any CPU
		{14068C22-F6ED-41B9-AA90-219F526A71AE}.Debug|Any CPU.Build.0 = Debug|Any CPU
		{14068C22-F6ED-41B9-AA90-219F526A71AE}.Release|Any CPU.ActiveCfg = Release|Any CPU
		{14068C22-F6ED-41B9-AA90-219F526A71AE}.Release|Any CPU.Build.0 = Release|Any CPU
	EndGlobalSection
	GlobalSection(SolutionProperties) = preSolution
		HideSolutionNode = FALSE
	EndGlobalSection
	GlobalSection(ExtensibilityGlobals) = postSolution
		SolutionGuid = {5F4B299E-357C-4741-AD22-E72AEDE75EE3}
	EndGlobalSection
EndGlobal
